# This file is generated by running "yarn install" inside your project.
# Manual changes might be lost - proceed with caution!

__metadata:
  version: 5
  cacheKey: 8

"@aws-crypto/crc32@npm:2.0.0":
  version: 2.0.0
  resolution: "@aws-crypto/crc32@npm:2.0.0"
  dependencies:
    "@aws-crypto/util": ^2.0.0
    "@aws-sdk/types": ^3.1.0
    tslib: ^1.11.1
  checksum: 88ab906da8304a430c655496e363835f3c7ca870db0dec50bb9d53ed0f446337de60c85ba7baa4528c8363bee708474785649262ebfde23a1e099eb69318b53e
  languageName: node
  linkType: hard

"@aws-crypto/ie11-detection@npm:^2.0.0":
  version: 2.0.0
  resolution: "@aws-crypto/ie11-detection@npm:2.0.0"
  dependencies:
    tslib: ^1.11.1
  checksum: dd15daa1160ecdf28b9c930dcbd7f8bc96e74d7f791134974b672f5d36182274c76db4fff414385cdb8997a8b7ade991988a571aaac3184e226e2ed6428d895f
  languageName: node
  linkType: hard

"@aws-crypto/sha256-browser@npm:2.0.0":
  version: 2.0.0
  resolution: "@aws-crypto/sha256-browser@npm:2.0.0"
  dependencies:
    "@aws-crypto/ie11-detection": ^2.0.0
    "@aws-crypto/sha256-js": ^2.0.0
    "@aws-crypto/supports-web-crypto": ^2.0.0
    "@aws-crypto/util": ^2.0.0
    "@aws-sdk/types": ^3.1.0
    "@aws-sdk/util-locate-window": ^3.0.0
    "@aws-sdk/util-utf8-browser": ^3.0.0
    tslib: ^1.11.1
  checksum: 7bc1ff042d0c53a46c0fc3824bd97fb3ed1df7dc030b8a995889471052860b8c8ade469c97866fafd8249a3144d0f48b0f1054f357e2b403606009381c4b8f0e
  languageName: node
  linkType: hard

"@aws-crypto/sha256-js@npm:2.0.0":
  version: 2.0.0
  resolution: "@aws-crypto/sha256-js@npm:2.0.0"
  dependencies:
    "@aws-crypto/util": ^2.0.0
    "@aws-sdk/types": ^3.1.0
    tslib: ^1.11.1
  checksum: e4abf9baec6bed19d380f92a999a41ac5bdd8890dfd45971d29054c298854c5b7087e7de633413f2e64618ef8238ccf4c0b75797c73063c74bbba3cb5d8b2581
  languageName: node
  linkType: hard

"@aws-crypto/sha256-js@npm:^2.0.0":
  version: 2.0.1
  resolution: "@aws-crypto/sha256-js@npm:2.0.1"
  dependencies:
    "@aws-crypto/util": ^2.0.1
    "@aws-sdk/types": ^3.1.0
    tslib: ^1.11.1
  checksum: d5f07a5dde2cde277b63e781adc3fb0d04e202f56d159b50089f3bfd8bf657db1c35e18813e2ec6c3771dfdf0d0d6eb13f36a8ad021b5db7d2bb8fdc9f06dce3
  languageName: node
  linkType: hard

"@aws-crypto/supports-web-crypto@npm:^2.0.0":
  version: 2.0.0
  resolution: "@aws-crypto/supports-web-crypto@npm:2.0.0"
  dependencies:
    tslib: ^1.11.1
  checksum: 77fad3813a5d3c495296fb836293184d32aeddacd436bf7d1b59b93d87de4cf7c0dbf862d4eaf915259edfb7b424ea05e2ceeddbaa1588a154d0c19df455c475
  languageName: node
  linkType: hard

"@aws-crypto/util@npm:^2.0.0, @aws-crypto/util@npm:^2.0.1":
  version: 2.0.1
  resolution: "@aws-crypto/util@npm:2.0.1"
  dependencies:
    "@aws-sdk/types": ^3.1.0
    "@aws-sdk/util-utf8-browser": ^3.0.0
    tslib: ^1.11.1
  checksum: 83d7edea95336869854eb98bf53416a70ee824a03c8858779abcef7b7f35813ba3ba0aaa571d87c416bdcec78b620e825fe9e65769a15d2009af0ccb279ef981
  languageName: node
  linkType: hard

"@aws-sdk/abort-controller@npm:3.40.0":
  version: 3.40.0
  resolution: "@aws-sdk/abort-controller@npm:3.40.0"
  dependencies:
    "@aws-sdk/types": 3.40.0
    tslib: ^2.3.0
  checksum: bdfe98a1ddc7bd59a4c7264fe06f718ef348ee636bb74c3b8b3bd3bb2a9118f5d6a26c503aacdf555e741f6ec2c8abc2198351d7c0d7b0fae4aab042a7859393
  languageName: node
  linkType: hard

"@aws-sdk/chunked-blob-reader-native@npm:3.37.0":
  version: 3.37.0
  resolution: "@aws-sdk/chunked-blob-reader-native@npm:3.37.0"
  dependencies:
    "@aws-sdk/util-base64-browser": 3.37.0
    tslib: ^2.3.0
  checksum: 6b783d2c1af90bc4fc769d9ae0a29d117029574d2ad99ee8a1b8f09e3d33adc2e5c3b2f9b8b8467493dcf429b145dba103db7225d124462c70d51a6f2535de41
  languageName: node
  linkType: hard

"@aws-sdk/chunked-blob-reader@npm:3.37.0":
  version: 3.37.0
  resolution: "@aws-sdk/chunked-blob-reader@npm:3.37.0"
  dependencies:
    tslib: ^2.3.0
  checksum: 226273033e2f7d77b30de2f292451be72934463a34ea6e4e3848ace7c25cdabf2b4474e15860b3fe06627bbc289a6ea07404b8ab003ca22df54bb2430d10df54
  languageName: node
  linkType: hard

"@aws-sdk/client-s3@npm:^3.44.0":
  version: 3.44.0
  resolution: "@aws-sdk/client-s3@npm:3.44.0"
  dependencies:
    "@aws-crypto/sha256-browser": 2.0.0
    "@aws-crypto/sha256-js": 2.0.0
    "@aws-sdk/client-sts": 3.43.0
    "@aws-sdk/config-resolver": 3.40.0
    "@aws-sdk/credential-provider-node": 3.41.0
    "@aws-sdk/eventstream-serde-browser": 3.40.0
    "@aws-sdk/eventstream-serde-config-resolver": 3.40.0
    "@aws-sdk/eventstream-serde-node": 3.40.0
    "@aws-sdk/fetch-http-handler": 3.40.0
    "@aws-sdk/hash-blob-browser": 3.40.0
    "@aws-sdk/hash-node": 3.40.0
    "@aws-sdk/hash-stream-node": 3.40.0
    "@aws-sdk/invalid-dependency": 3.40.0
    "@aws-sdk/md5-js": 3.40.0
    "@aws-sdk/middleware-apply-body-checksum": 3.40.0
    "@aws-sdk/middleware-bucket-endpoint": 3.41.0
    "@aws-sdk/middleware-content-length": 3.40.0
    "@aws-sdk/middleware-expect-continue": 3.40.0
    "@aws-sdk/middleware-host-header": 3.40.0
    "@aws-sdk/middleware-location-constraint": 3.40.0
    "@aws-sdk/middleware-logger": 3.40.0
    "@aws-sdk/middleware-retry": 3.40.0
    "@aws-sdk/middleware-sdk-s3": 3.41.0
    "@aws-sdk/middleware-serde": 3.40.0
    "@aws-sdk/middleware-signing": 3.40.0
    "@aws-sdk/middleware-ssec": 3.40.0
    "@aws-sdk/middleware-stack": 3.40.0
    "@aws-sdk/middleware-user-agent": 3.40.0
    "@aws-sdk/node-config-provider": 3.40.0
    "@aws-sdk/node-http-handler": 3.40.0
    "@aws-sdk/protocol-http": 3.40.0
    "@aws-sdk/smithy-client": 3.41.0
    "@aws-sdk/types": 3.40.0
    "@aws-sdk/url-parser": 3.40.0
    "@aws-sdk/util-base64-browser": 3.37.0
    "@aws-sdk/util-base64-node": 3.37.0
    "@aws-sdk/util-body-length-browser": 3.37.0
    "@aws-sdk/util-body-length-node": 3.37.0
    "@aws-sdk/util-user-agent-browser": 3.40.0
    "@aws-sdk/util-user-agent-node": 3.40.0
    "@aws-sdk/util-utf8-browser": 3.37.0
    "@aws-sdk/util-utf8-node": 3.37.0
    "@aws-sdk/util-waiter": 3.40.0
    "@aws-sdk/xml-builder": 3.37.0
    entities: 2.2.0
    fast-xml-parser: 3.19.0
    tslib: ^2.3.0
  checksum: 69e1c12803f2cf3352cf0f06ce1e2c7cdf00e99dbd4062fd7bcd8dc9a3e0b2e25f6ffe1afffc11a862eef6ef599a44ce1e0496de790bbe2d1ea8df6664d12bfd
  languageName: node
  linkType: hard

"@aws-sdk/client-sso@npm:3.41.0":
  version: 3.41.0
  resolution: "@aws-sdk/client-sso@npm:3.41.0"
  dependencies:
    "@aws-crypto/sha256-browser": 2.0.0
    "@aws-crypto/sha256-js": 2.0.0
    "@aws-sdk/config-resolver": 3.40.0
    "@aws-sdk/fetch-http-handler": 3.40.0
    "@aws-sdk/hash-node": 3.40.0
    "@aws-sdk/invalid-dependency": 3.40.0
    "@aws-sdk/middleware-content-length": 3.40.0
    "@aws-sdk/middleware-host-header": 3.40.0
    "@aws-sdk/middleware-logger": 3.40.0
    "@aws-sdk/middleware-retry": 3.40.0
    "@aws-sdk/middleware-serde": 3.40.0
    "@aws-sdk/middleware-stack": 3.40.0
    "@aws-sdk/middleware-user-agent": 3.40.0
    "@aws-sdk/node-config-provider": 3.40.0
    "@aws-sdk/node-http-handler": 3.40.0
    "@aws-sdk/protocol-http": 3.40.0
    "@aws-sdk/smithy-client": 3.41.0
    "@aws-sdk/types": 3.40.0
    "@aws-sdk/url-parser": 3.40.0
    "@aws-sdk/util-base64-browser": 3.37.0
    "@aws-sdk/util-base64-node": 3.37.0
    "@aws-sdk/util-body-length-browser": 3.37.0
    "@aws-sdk/util-body-length-node": 3.37.0
    "@aws-sdk/util-user-agent-browser": 3.40.0
    "@aws-sdk/util-user-agent-node": 3.40.0
    "@aws-sdk/util-utf8-browser": 3.37.0
    "@aws-sdk/util-utf8-node": 3.37.0
    tslib: ^2.3.0
  checksum: 1cb2146ecf797e7f1a881ac088df2887e0a75b0bee7d2f1565b65ef3141c01ffe5bf995cb424102fdad1edc38dd4a6837566ea9cb9043a00bd03e9378bd018f1
  languageName: node
  linkType: hard

"@aws-sdk/client-sts@npm:3.43.0":
  version: 3.43.0
  resolution: "@aws-sdk/client-sts@npm:3.43.0"
  dependencies:
    "@aws-crypto/sha256-browser": 2.0.0
    "@aws-crypto/sha256-js": 2.0.0
    "@aws-sdk/config-resolver": 3.40.0
    "@aws-sdk/credential-provider-node": 3.41.0
    "@aws-sdk/fetch-http-handler": 3.40.0
    "@aws-sdk/hash-node": 3.40.0
    "@aws-sdk/invalid-dependency": 3.40.0
    "@aws-sdk/middleware-content-length": 3.40.0
    "@aws-sdk/middleware-host-header": 3.40.0
    "@aws-sdk/middleware-logger": 3.40.0
    "@aws-sdk/middleware-retry": 3.40.0
    "@aws-sdk/middleware-sdk-sts": 3.40.0
    "@aws-sdk/middleware-serde": 3.40.0
    "@aws-sdk/middleware-signing": 3.40.0
    "@aws-sdk/middleware-stack": 3.40.0
    "@aws-sdk/middleware-user-agent": 3.40.0
    "@aws-sdk/node-config-provider": 3.40.0
    "@aws-sdk/node-http-handler": 3.40.0
    "@aws-sdk/protocol-http": 3.40.0
    "@aws-sdk/smithy-client": 3.41.0
    "@aws-sdk/types": 3.40.0
    "@aws-sdk/url-parser": 3.40.0
    "@aws-sdk/util-base64-browser": 3.37.0
    "@aws-sdk/util-base64-node": 3.37.0
    "@aws-sdk/util-body-length-browser": 3.37.0
    "@aws-sdk/util-body-length-node": 3.37.0
    "@aws-sdk/util-user-agent-browser": 3.40.0
    "@aws-sdk/util-user-agent-node": 3.40.0
    "@aws-sdk/util-utf8-browser": 3.37.0
    "@aws-sdk/util-utf8-node": 3.37.0
    entities: 2.2.0
    fast-xml-parser: 3.19.0
    tslib: ^2.3.0
  checksum: d9bb3cd4855d2af8c0a2899a3b3e8c8ef88d39267920ccba6cab01cd53ad69d7dc18cd33e0c54c5ec5205ac16f36e29092b7c79d1585655562ade8f99544dbe8
  languageName: node
  linkType: hard

"@aws-sdk/config-resolver@npm:3.40.0":
  version: 3.40.0
  resolution: "@aws-sdk/config-resolver@npm:3.40.0"
  dependencies:
    "@aws-sdk/signature-v4": 3.40.0
    "@aws-sdk/types": 3.40.0
    "@aws-sdk/util-config-provider": 3.40.0
    tslib: ^2.3.0
  checksum: 0f8a153e1cceaaaf102627c803aa15dc248a5893fc783190d8ed9ff13b4b2518164fd43cefda4c8d4dc164bb5bbf66bd435b6e1b7d27e01b7d0f7203c9fd0a70
  languageName: node
  linkType: hard

"@aws-sdk/credential-provider-env@npm:3.40.0":
  version: 3.40.0
  resolution: "@aws-sdk/credential-provider-env@npm:3.40.0"
  dependencies:
    "@aws-sdk/property-provider": 3.40.0
    "@aws-sdk/types": 3.40.0
    tslib: ^2.3.0
  checksum: 82b667752d0cfaf78c1f40f952a8027e626cc0ed6bbe1686501c76179e99289563c63bbd4809d66c4a3ee5d26ebccb790338f122c81ff22c3c6cc909bcaa1d8b
  languageName: node
  linkType: hard

"@aws-sdk/credential-provider-imds@npm:3.40.0":
  version: 3.40.0
  resolution: "@aws-sdk/credential-provider-imds@npm:3.40.0"
  dependencies:
    "@aws-sdk/node-config-provider": 3.40.0
    "@aws-sdk/property-provider": 3.40.0
    "@aws-sdk/types": 3.40.0
    "@aws-sdk/url-parser": 3.40.0
    tslib: ^2.3.0
  checksum: c6b7ab2437533debc7579f45a397c6ed44d660c071a99e24b965b74464b6ef916a05b9854b32384cbab40005cecc55669e285ad00193289beca2e21dca76f32a
  languageName: node
  linkType: hard

"@aws-sdk/credential-provider-ini@npm:3.41.0":
  version: 3.41.0
  resolution: "@aws-sdk/credential-provider-ini@npm:3.41.0"
  dependencies:
    "@aws-sdk/credential-provider-env": 3.40.0
    "@aws-sdk/credential-provider-imds": 3.40.0
    "@aws-sdk/credential-provider-sso": 3.41.0
    "@aws-sdk/credential-provider-web-identity": 3.41.0
    "@aws-sdk/property-provider": 3.40.0
    "@aws-sdk/shared-ini-file-loader": 3.37.0
    "@aws-sdk/types": 3.40.0
    "@aws-sdk/util-credentials": 3.37.0
    tslib: ^2.3.0
  checksum: 10015d376352b3047ef74f6c4e13ae0f5f8443701cc37148a9e6038a826173738d8983b8861d3429cc42f8096261cd21dfc02baa0e54e3c7d0ead50a820235e4
  languageName: node
  linkType: hard

"@aws-sdk/credential-provider-node@npm:3.41.0":
  version: 3.41.0
  resolution: "@aws-sdk/credential-provider-node@npm:3.41.0"
  dependencies:
    "@aws-sdk/credential-provider-env": 3.40.0
    "@aws-sdk/credential-provider-imds": 3.40.0
    "@aws-sdk/credential-provider-ini": 3.41.0
    "@aws-sdk/credential-provider-process": 3.40.0
    "@aws-sdk/credential-provider-sso": 3.41.0
    "@aws-sdk/credential-provider-web-identity": 3.41.0
    "@aws-sdk/property-provider": 3.40.0
    "@aws-sdk/shared-ini-file-loader": 3.37.0
    "@aws-sdk/types": 3.40.0
    "@aws-sdk/util-credentials": 3.37.0
    tslib: ^2.3.0
  checksum: f3dc7a58c4094dc9a949925aa58a240980e9c93067df5b1addec1f65eebb22e0a93109f6490eb8a92b521f884da571acfd304e1fe38b3d0e5090a010ebaac804
  languageName: node
  linkType: hard

"@aws-sdk/credential-provider-process@npm:3.40.0":
  version: 3.40.0
  resolution: "@aws-sdk/credential-provider-process@npm:3.40.0"
  dependencies:
    "@aws-sdk/property-provider": 3.40.0
    "@aws-sdk/shared-ini-file-loader": 3.37.0
    "@aws-sdk/types": 3.40.0
    "@aws-sdk/util-credentials": 3.37.0
    tslib: ^2.3.0
  checksum: 7d1c4200c36cce5efa20cd25f70a15701232b3380ff49f2c3821367c95d9edb28c39e88812359877b517901b4328997440002af75abc9fb320b0a1c81f2b90d3
  languageName: node
  linkType: hard

"@aws-sdk/credential-provider-sso@npm:3.41.0":
  version: 3.41.0
  resolution: "@aws-sdk/credential-provider-sso@npm:3.41.0"
  dependencies:
    "@aws-sdk/client-sso": 3.41.0
    "@aws-sdk/property-provider": 3.40.0
    "@aws-sdk/shared-ini-file-loader": 3.37.0
    "@aws-sdk/types": 3.40.0
    "@aws-sdk/util-credentials": 3.37.0
    tslib: ^2.3.0
  checksum: 5f3f22368835cf6b2af93a6bce26f88c8adc421eb149d57f081b83cda4bec120715d3b95626ea74adcc72e1cd9bb91e5bb4a9757e2df45aae0aa9241a3fefc7e
  languageName: node
  linkType: hard

"@aws-sdk/credential-provider-web-identity@npm:3.41.0":
  version: 3.41.0
  resolution: "@aws-sdk/credential-provider-web-identity@npm:3.41.0"
  dependencies:
    "@aws-sdk/property-provider": 3.40.0
    "@aws-sdk/types": 3.40.0
    tslib: ^2.3.0
  checksum: f75e9cff6dfc1f9191b5256c6e89ad19e49d2eb45a30bb51f6db09748435322e4d1d38d9ba763b5f2e31693308d9c07eb5cb961fc484af5c2fff474f85ac5e72
  languageName: node
  linkType: hard

"@aws-sdk/eventstream-marshaller@npm:3.40.0":
  version: 3.40.0
  resolution: "@aws-sdk/eventstream-marshaller@npm:3.40.0"
  dependencies:
    "@aws-crypto/crc32": 2.0.0
    "@aws-sdk/types": 3.40.0
    "@aws-sdk/util-hex-encoding": 3.37.0
    tslib: ^2.3.0
  checksum: 5285356973e5554d802129b6589f704c18f94fcd67f1bbef15561947aa1baa7be6209b5d75ff3c80282e8cccfa51155aa4e79337e0ad3e8d943b94c7d4f322dd
  languageName: node
  linkType: hard

"@aws-sdk/eventstream-serde-browser@npm:3.40.0":
  version: 3.40.0
  resolution: "@aws-sdk/eventstream-serde-browser@npm:3.40.0"
  dependencies:
    "@aws-sdk/eventstream-marshaller": 3.40.0
    "@aws-sdk/eventstream-serde-universal": 3.40.0
    "@aws-sdk/types": 3.40.0
    tslib: ^2.3.0
  checksum: b8202f85652974b9205fa1d480c8467679e9f7b62e097f4fdea440786428ea504c36cbbf0b6d9d4c265ec80a7233fdf8cb4f74e5b97cd2d096e8cb3638570076
  languageName: node
  linkType: hard

"@aws-sdk/eventstream-serde-config-resolver@npm:3.40.0":
  version: 3.40.0
  resolution: "@aws-sdk/eventstream-serde-config-resolver@npm:3.40.0"
  dependencies:
    "@aws-sdk/types": 3.40.0
    tslib: ^2.3.0
  checksum: 5cd44155c94d207ac8e35f58d466def94b6b3abab0e52cdebc4a891e3d838f2f2730d331d0c4d55716d5d0a53f89a06e462752bde225c2d4578dc31f5bc2cfa9
  languageName: node
  linkType: hard

"@aws-sdk/eventstream-serde-node@npm:3.40.0":
  version: 3.40.0
  resolution: "@aws-sdk/eventstream-serde-node@npm:3.40.0"
  dependencies:
    "@aws-sdk/eventstream-marshaller": 3.40.0
    "@aws-sdk/eventstream-serde-universal": 3.40.0
    "@aws-sdk/types": 3.40.0
    tslib: ^2.3.0
  checksum: 38444b6f49c7ab3e5d1002b29c33c321bc337f59aef5cd9af5d5a2d34efbeda7705f9adc88ee9ab542eaab637f97fe0bca38b2d6cd38e2d1169208d5fd8d3d59
  languageName: node
  linkType: hard

"@aws-sdk/eventstream-serde-universal@npm:3.40.0":
  version: 3.40.0
  resolution: "@aws-sdk/eventstream-serde-universal@npm:3.40.0"
  dependencies:
    "@aws-sdk/eventstream-marshaller": 3.40.0
    "@aws-sdk/types": 3.40.0
    tslib: ^2.3.0
  checksum: 1a3842553aebe729bc8cf7a9c04090d1d6b5361ac356bf6c26f5b4c89c7b2a2bbac2a9b0eb4cff92da3d83077bc5e00015fd41483b6e1c31663216a44e63f1f3
  languageName: node
  linkType: hard

"@aws-sdk/fetch-http-handler@npm:3.40.0":
  version: 3.40.0
  resolution: "@aws-sdk/fetch-http-handler@npm:3.40.0"
  dependencies:
    "@aws-sdk/protocol-http": 3.40.0
    "@aws-sdk/querystring-builder": 3.40.0
    "@aws-sdk/types": 3.40.0
    "@aws-sdk/util-base64-browser": 3.37.0
    tslib: ^2.3.0
  checksum: 3b7a9067469bea360705ce6a81e71fc196810352a98afde98a80613717894c3db5aa53d6dc3f7cead42a5a31b4b85007838506ad4749de1667eeb301e5d4902b
  languageName: node
  linkType: hard

"@aws-sdk/hash-blob-browser@npm:3.40.0":
  version: 3.40.0
  resolution: "@aws-sdk/hash-blob-browser@npm:3.40.0"
  dependencies:
    "@aws-sdk/chunked-blob-reader": 3.37.0
    "@aws-sdk/chunked-blob-reader-native": 3.37.0
    "@aws-sdk/types": 3.40.0
    tslib: ^2.3.0
  checksum: 7b00a365da5c0db41012367a12171d8031079cea47ceebfbf1124236afd1b4055dd29aab6c0cbc79e43e5cc5f61d1ae6e1540557cf04fca86abb215b955630ca
  languageName: node
  linkType: hard

"@aws-sdk/hash-node@npm:3.40.0":
  version: 3.40.0
  resolution: "@aws-sdk/hash-node@npm:3.40.0"
  dependencies:
    "@aws-sdk/types": 3.40.0
    "@aws-sdk/util-buffer-from": 3.37.0
    tslib: ^2.3.0
  checksum: 61a1e4d715af1122700697af8b30af38398d65fcb85fb2d81f3b3ab0205e89758b034e01952c53fd23c5396698c1026dab971977234303d473dceaed230004ca
  languageName: node
  linkType: hard

"@aws-sdk/hash-stream-node@npm:3.40.0":
  version: 3.40.0
  resolution: "@aws-sdk/hash-stream-node@npm:3.40.0"
  dependencies:
    "@aws-sdk/types": 3.40.0
    tslib: ^2.3.0
  checksum: 10b6ad2deb02621980d8587bdde624dbee2566183e0719eb03c33a18d9182b6644e46fc6b96c52b2155a0df95c24cefb870ed7b947402438431fa9362700fdb9
  languageName: node
  linkType: hard

"@aws-sdk/invalid-dependency@npm:3.40.0":
  version: 3.40.0
  resolution: "@aws-sdk/invalid-dependency@npm:3.40.0"
  dependencies:
    "@aws-sdk/types": 3.40.0
    tslib: ^2.3.0
  checksum: 04063f664403695507bc480f132b09d2f907f411b01e7d52a7a01cb39304548a4d13a3d0d596e7063ed23cd8eb5ae32ca50e60cca32443bd8361bac8cd3992b5
  languageName: node
  linkType: hard

"@aws-sdk/is-array-buffer@npm:3.37.0":
  version: 3.37.0
  resolution: "@aws-sdk/is-array-buffer@npm:3.37.0"
  dependencies:
    tslib: ^2.3.0
  checksum: 5042f7629699448447f6c19733be476c937ca8896fc8958849664f3255198ee90b905794bf224d2f77d54c953ff726babcc1eb457a9817eb44171f6dcfbc7a2c
  languageName: node
  linkType: hard

"@aws-sdk/md5-js@npm:3.40.0":
  version: 3.40.0
  resolution: "@aws-sdk/md5-js@npm:3.40.0"
  dependencies:
    "@aws-sdk/types": 3.40.0
    "@aws-sdk/util-utf8-browser": 3.37.0
    "@aws-sdk/util-utf8-node": 3.37.0
    tslib: ^2.3.0
  checksum: 5a5ef8e20fb752d1e447bf0603c09adb1a0792e3efb2e27bad28386302ea4fc814eb2087a5a9fd240cf158a51fc638f348cadfb972c9027475ac2cda891d7f03
  languageName: node
  linkType: hard

"@aws-sdk/middleware-apply-body-checksum@npm:3.40.0":
  version: 3.40.0
  resolution: "@aws-sdk/middleware-apply-body-checksum@npm:3.40.0"
  dependencies:
    "@aws-sdk/is-array-buffer": 3.37.0
    "@aws-sdk/protocol-http": 3.40.0
    "@aws-sdk/types": 3.40.0
    tslib: ^2.3.0
  checksum: 93545906658922ae0486a7540547cd84493f28131cc87d43f8d9b41292688b7244c47c4fe90b2d912fa2dbf14fc522dd606eec1fbb488ccf3d4705b3359d024c
  languageName: node
  linkType: hard

"@aws-sdk/middleware-bucket-endpoint@npm:3.41.0":
  version: 3.41.0
  resolution: "@aws-sdk/middleware-bucket-endpoint@npm:3.41.0"
  dependencies:
    "@aws-sdk/protocol-http": 3.40.0
    "@aws-sdk/types": 3.40.0
    "@aws-sdk/util-arn-parser": 3.37.0
    "@aws-sdk/util-config-provider": 3.40.0
    tslib: ^2.3.0
  checksum: 280f3af5af9cff321f1bfe55646fa4d50ba1c5e72a71bb66d43e595da34cdc253fe2163cf101280cf9597b5d484a929a4e6ada1e762d291b6a8775d2568c1f26
  languageName: node
  linkType: hard

"@aws-sdk/middleware-content-length@npm:3.40.0":
  version: 3.40.0
  resolution: "@aws-sdk/middleware-content-length@npm:3.40.0"
  dependencies:
    "@aws-sdk/protocol-http": 3.40.0
    "@aws-sdk/types": 3.40.0
    tslib: ^2.3.0
  checksum: bf5a485100e8123f45e4771895d0ede5ba37a89b4d47021f21c880089adabc0ffe35f71e74adc7f21c00c0bf7fd7b47c6050c627f617a1e4133c70243cb812c5
  languageName: node
  linkType: hard

"@aws-sdk/middleware-expect-continue@npm:3.40.0":
  version: 3.40.0
  resolution: "@aws-sdk/middleware-expect-continue@npm:3.40.0"
  dependencies:
    "@aws-sdk/middleware-header-default": 3.40.0
    "@aws-sdk/protocol-http": 3.40.0
    "@aws-sdk/types": 3.40.0
    tslib: ^2.3.0
  checksum: 56d4e336c56d4ec489fa4765cb32fa21f602f91d051023134263bf16e1db668c8ac08842ac18cdd2925f3edb17b520b4c3229fdca5a6cf48ef88b6aa3a754670
  languageName: node
  linkType: hard

"@aws-sdk/middleware-header-default@npm:3.40.0":
  version: 3.40.0
  resolution: "@aws-sdk/middleware-header-default@npm:3.40.0"
  dependencies:
    "@aws-sdk/protocol-http": 3.40.0
    "@aws-sdk/types": 3.40.0
    tslib: ^2.3.0
  checksum: 8a12de69543306d6e2cab29deb6231ab4e30fed65638fc9f04223dec3c298dd9c9a39656fcb5287bf14badc2722cf059eec3e950d177dca0ea1b7850b2d6373a
  languageName: node
  linkType: hard

"@aws-sdk/middleware-host-header@npm:3.40.0":
  version: 3.40.0
  resolution: "@aws-sdk/middleware-host-header@npm:3.40.0"
  dependencies:
    "@aws-sdk/protocol-http": 3.40.0
    "@aws-sdk/types": 3.40.0
    tslib: ^2.3.0
  checksum: b2b292c60c930835a95ade5df00a2064002e47e51f757536f7a2e32c1535b6e0d754e5082113229eff503d9c2b77c36b1b987705b640ec6e95eafa5dbf4d4eeb
  languageName: node
  linkType: hard

"@aws-sdk/middleware-location-constraint@npm:3.40.0":
  version: 3.40.0
  resolution: "@aws-sdk/middleware-location-constraint@npm:3.40.0"
  dependencies:
    "@aws-sdk/types": 3.40.0
    tslib: ^2.3.0
  checksum: 4553eb2edf4fcf4a8931ea7147dba115c61b290089fa143ab01bea86ddf31ae48d2e1dd8652b4b2eb86991be8251c2f39c4a7155054ee890ba745eab5fb8e38f
  languageName: node
  linkType: hard

"@aws-sdk/middleware-logger@npm:3.40.0":
  version: 3.40.0
  resolution: "@aws-sdk/middleware-logger@npm:3.40.0"
  dependencies:
    "@aws-sdk/types": 3.40.0
    tslib: ^2.3.0
  checksum: 18a2eb55eeffb70e82850d679c699d458d423f176c9b9d61b536f81f99d36fc5c59b64665e2f8a6f526f7efdc7262bf7861ea4a6594604724157f58e347ecad2
  languageName: node
  linkType: hard

"@aws-sdk/middleware-retry@npm:3.40.0":
  version: 3.40.0
  resolution: "@aws-sdk/middleware-retry@npm:3.40.0"
  dependencies:
    "@aws-sdk/protocol-http": 3.40.0
    "@aws-sdk/service-error-classification": 3.40.0
    "@aws-sdk/types": 3.40.0
    tslib: ^2.3.0
    uuid: ^8.3.2
  checksum: b5e676170bb0b6bbd39ac9557ca10cddfacba4154144c68307e138a7c60dc76a08325ac626e5eeecaaf94e6020e1a86e1cc9fdeec9c8a907c7fa8f9c87b2f164
  languageName: node
  linkType: hard

"@aws-sdk/middleware-sdk-s3@npm:3.41.0":
  version: 3.41.0
  resolution: "@aws-sdk/middleware-sdk-s3@npm:3.41.0"
  dependencies:
    "@aws-sdk/protocol-http": 3.40.0
    "@aws-sdk/signature-v4": 3.40.0
    "@aws-sdk/types": 3.40.0
    "@aws-sdk/util-arn-parser": 3.37.0
    tslib: ^2.3.0
  peerDependencies:
    "@aws-sdk/signature-v4-crt": ^3.31.0
  checksum: b6e0eac90f582c082636f74aceb4d63a9cd38abb6fa24baf1a5d3556aa181d9a98028634ee3322b6ee6cda107f0137ea3e1b1627b97e7ae010a4783ca7cf604c
  languageName: node
  linkType: hard

"@aws-sdk/middleware-sdk-sts@npm:3.40.0":
  version: 3.40.0
  resolution: "@aws-sdk/middleware-sdk-sts@npm:3.40.0"
  dependencies:
    "@aws-sdk/middleware-signing": 3.40.0
    "@aws-sdk/property-provider": 3.40.0
    "@aws-sdk/protocol-http": 3.40.0
    "@aws-sdk/signature-v4": 3.40.0
    "@aws-sdk/types": 3.40.0
    tslib: ^2.3.0
  checksum: e40b1f774a2774ccc69de5cd8dd26f25dd23f24d615c1e00a8403e4e86c5798f40531db6326d9511aa9fb081a43d3aa9a93a72d3f3f413b7093775e69ab84f84
  languageName: node
  linkType: hard

"@aws-sdk/middleware-serde@npm:3.40.0":
  version: 3.40.0
  resolution: "@aws-sdk/middleware-serde@npm:3.40.0"
  dependencies:
    "@aws-sdk/types": 3.40.0
    tslib: ^2.3.0
  checksum: 107240744c5cc2e57d0c7811657cc917e9da225402c446375f13f13495888c3e1f24526cb6a092c8fa09f9ed3c5fe2b6ff192ba3661416f1db34029276bfca63
  languageName: node
  linkType: hard

"@aws-sdk/middleware-signing@npm:3.40.0":
  version: 3.40.0
  resolution: "@aws-sdk/middleware-signing@npm:3.40.0"
  dependencies:
    "@aws-sdk/property-provider": 3.40.0
    "@aws-sdk/protocol-http": 3.40.0
    "@aws-sdk/signature-v4": 3.40.0
    "@aws-sdk/types": 3.40.0
    tslib: ^2.3.0
  checksum: 8f729a719b4e9d708ad70ddc11f5e3c918bdf946d10b56cb947d8d2516ca53d49014a6da23d16d1edffbfd05ad40b071c9a96f5a5fc4c865bc4f5af85ae623f8
  languageName: node
  linkType: hard

"@aws-sdk/middleware-ssec@npm:3.40.0":
  version: 3.40.0
  resolution: "@aws-sdk/middleware-ssec@npm:3.40.0"
  dependencies:
    "@aws-sdk/types": 3.40.0
    tslib: ^2.3.0
  checksum: c0836321a806fd34692ec9ef3203b068564df20db5128fff89ebe6fd657e8ba55cb3f574628866ec95a4f1de7171a504cf0e96ce93663ee36ae18595ffbaac87
  languageName: node
  linkType: hard

"@aws-sdk/middleware-stack@npm:3.40.0":
  version: 3.40.0
  resolution: "@aws-sdk/middleware-stack@npm:3.40.0"
  dependencies:
    tslib: ^2.3.0
  checksum: 7edf1ae49c938647aac6f0f35267ec3c40584e0a5d36f1e366b0c5d7d830cfd6b5a91de1047b5a47e8603a7f780b2aba2af0bcf1c8e5c528dea2c0e442c90116
  languageName: node
  linkType: hard

"@aws-sdk/middleware-user-agent@npm:3.40.0":
  version: 3.40.0
  resolution: "@aws-sdk/middleware-user-agent@npm:3.40.0"
  dependencies:
    "@aws-sdk/protocol-http": 3.40.0
    "@aws-sdk/types": 3.40.0
    tslib: ^2.3.0
  checksum: d3333379810042c7497fe53374f2fb6203c0fd83706fc1fffb6da0267445957f559f81df110628968b01de6c9131335142af8e809d0dd060866c7b9531505355
  languageName: node
  linkType: hard

"@aws-sdk/node-config-provider@npm:3.40.0":
  version: 3.40.0
  resolution: "@aws-sdk/node-config-provider@npm:3.40.0"
  dependencies:
    "@aws-sdk/property-provider": 3.40.0
    "@aws-sdk/shared-ini-file-loader": 3.37.0
    "@aws-sdk/types": 3.40.0
    tslib: ^2.3.0
  checksum: d52bbea34daaa26df431fc6ad28ce6f80a361e1af88fc4b6fbfeda08b5682d28295c43df40c6d1e11d4344f31b12a65539a05618e14e0dbb4f8beee725fb3727
  languageName: node
  linkType: hard

"@aws-sdk/node-http-handler@npm:3.40.0":
  version: 3.40.0
  resolution: "@aws-sdk/node-http-handler@npm:3.40.0"
  dependencies:
    "@aws-sdk/abort-controller": 3.40.0
    "@aws-sdk/protocol-http": 3.40.0
    "@aws-sdk/querystring-builder": 3.40.0
    "@aws-sdk/types": 3.40.0
    tslib: ^2.3.0
  checksum: 3a349f80fe4c70ca013d95003da111d1fbea8fdff59abb65dfa2e173bd7bbf099237a22de441b0467656ecda8669c23d8ca3bcdb7735a24f421d3088b56e44c9
  languageName: node
  linkType: hard

"@aws-sdk/property-provider@npm:3.40.0":
  version: 3.40.0
  resolution: "@aws-sdk/property-provider@npm:3.40.0"
  dependencies:
    "@aws-sdk/types": 3.40.0
    tslib: ^2.3.0
  checksum: 8f8adb8ed1c06155d18deacf2cfd192f4ceaa6d742c1566e72bd0cb2e348d3e37cdd32b41607317a3651377a82da516382ded1d15361f4d819f3ac9bfdaed523
  languageName: node
  linkType: hard

"@aws-sdk/protocol-http@npm:3.40.0":
  version: 3.40.0
  resolution: "@aws-sdk/protocol-http@npm:3.40.0"
  dependencies:
    "@aws-sdk/types": 3.40.0
    tslib: ^2.3.0
  checksum: 238f9a26ee28455ce3920c2b59f05869c7728dfd4420d45d93b32575584cc9e08dbe1cb7d04d0bd30747f59bce2ab469212b330185f0919bf6db564ffbfbfefa
  languageName: node
  linkType: hard

"@aws-sdk/querystring-builder@npm:3.40.0":
  version: 3.40.0
  resolution: "@aws-sdk/querystring-builder@npm:3.40.0"
  dependencies:
    "@aws-sdk/types": 3.40.0
    "@aws-sdk/util-uri-escape": 3.37.0
    tslib: ^2.3.0
  checksum: 63a957597e40a6e99cbb0509fb095174897ad2db50fe415d634caa3aed18748eb8e1522a6ff7d737c09bb8ba6c6108a18a1c1096261dc362fccb6028a533ab80
  languageName: node
  linkType: hard

"@aws-sdk/querystring-parser@npm:3.40.0":
  version: 3.40.0
  resolution: "@aws-sdk/querystring-parser@npm:3.40.0"
  dependencies:
    "@aws-sdk/types": 3.40.0
    tslib: ^2.3.0
  checksum: 48887361713108915b4828acc2d5ca2fc4d52dff0d9d84bba610ea71c13bbb8b8f54efd163e73177c29ee618980d43874373ab90ae0b618d86dbd67186c11c21
  languageName: node
  linkType: hard

"@aws-sdk/service-error-classification@npm:3.40.0":
  version: 3.40.0
  resolution: "@aws-sdk/service-error-classification@npm:3.40.0"
  checksum: 09db448bc49773bebe37128b6cb1adf2dc3d0c1a3daedfb947dd20bd7b7ad79e49dbb0d3e89bba7022a02b6400cb3e10e521c9170318232988fb9b46f31f6335
  languageName: node
  linkType: hard

"@aws-sdk/shared-ini-file-loader@npm:3.37.0":
  version: 3.37.0
  resolution: "@aws-sdk/shared-ini-file-loader@npm:3.37.0"
  dependencies:
    tslib: ^2.3.0
  checksum: dea398c739c192d7e9b0542faa5b84d1267dde67ff5576bb8b6709ba5de9039dc8afb9e22104bf88b1b9a67526bde5f0911154dfbe380010eecdaea977e0be00
  languageName: node
  linkType: hard

"@aws-sdk/signature-v4@npm:3.40.0":
  version: 3.40.0
  resolution: "@aws-sdk/signature-v4@npm:3.40.0"
  dependencies:
    "@aws-sdk/is-array-buffer": 3.37.0
    "@aws-sdk/types": 3.40.0
    "@aws-sdk/util-hex-encoding": 3.37.0
    "@aws-sdk/util-uri-escape": 3.37.0
    tslib: ^2.3.0
  checksum: 5e58a0b43bab13aa2d1945a1ddca3b8e26306aa163061e772f06af6272fb7e1289b87f0a243445a11bd9b91004575c8b0b3e636e5b20f9e8675231a25d7de6d7
  languageName: node
  linkType: hard

"@aws-sdk/smithy-client@npm:3.41.0":
  version: 3.41.0
  resolution: "@aws-sdk/smithy-client@npm:3.41.0"
  dependencies:
    "@aws-sdk/middleware-stack": 3.40.0
    "@aws-sdk/types": 3.40.0
    tslib: ^2.3.0
  checksum: 592053189f89f99265ef379aba9ec35d66ca293edc7e7dab1bdb22af5f40eddd627dd275d4451e6a127e745bc28a682aa4a1aee73cf63d14d1a679cbbd6f8128
  languageName: node
  linkType: hard

"@aws-sdk/types@npm:3.40.0, @aws-sdk/types@npm:^3.1.0":
  version: 3.40.0
  resolution: "@aws-sdk/types@npm:3.40.0"
  checksum: 4ff073a21c6f3e75520e5100f58effab236cb79704e3e0cfc3c8c9531bd8b331c84e25a9615b64df2854f8ea7901658a16b3dabfe77e3d21bb25b4e685e117f1
  languageName: node
  linkType: hard

"@aws-sdk/url-parser@npm:3.40.0":
  version: 3.40.0
  resolution: "@aws-sdk/url-parser@npm:3.40.0"
  dependencies:
    "@aws-sdk/querystring-parser": 3.40.0
    "@aws-sdk/types": 3.40.0
    tslib: ^2.3.0
  checksum: e5bbcdb4c94ffd8bf4c195476b4b606e109c83128e47673700b60a50d27d7c056092c5b491ed3f3439959e1532da5b118f8f06abe8772fe406561b31cdac0dcc
  languageName: node
  linkType: hard

"@aws-sdk/util-arn-parser@npm:3.37.0":
  version: 3.37.0
  resolution: "@aws-sdk/util-arn-parser@npm:3.37.0"
  dependencies:
    tslib: ^2.3.0
  checksum: aab3bedf26613083fb70d9053b2539395d62228b518f4b0ed50598a72797e26d41771cb3c6b63b7dafb1d7ed3f8e85d2304268cfe27493fe67dbe2bb37e9b112
  languageName: node
  linkType: hard

"@aws-sdk/util-base64-browser@npm:3.37.0":
  version: 3.37.0
  resolution: "@aws-sdk/util-base64-browser@npm:3.37.0"
  dependencies:
    tslib: ^2.3.0
  checksum: 2f2cf2dbf364acc817f9168a3638d550328af6e0166fb7e84660c171ddef25e21bd6d14dde627b10049211352ec2927a41bc0d070b743452d05d0bb853a134c6
  languageName: node
  linkType: hard

"@aws-sdk/util-base64-node@npm:3.37.0":
  version: 3.37.0
  resolution: "@aws-sdk/util-base64-node@npm:3.37.0"
  dependencies:
    "@aws-sdk/util-buffer-from": 3.37.0
    tslib: ^2.3.0
  checksum: 71fef0687ca365c480031394fecb0d990084234ea2bf0563090941a55617f1924dfb5d87ec60ef399d4c36b608ddf2de2c4a773087f766949f4246ac379410c4
  languageName: node
  linkType: hard

"@aws-sdk/util-body-length-browser@npm:3.37.0":
  version: 3.37.0
  resolution: "@aws-sdk/util-body-length-browser@npm:3.37.0"
  dependencies:
    tslib: ^2.3.0
  checksum: ad4065aa8af3ce514d57da6096f80f3e5041b1ba7518058ad17cf31879443daaca6bcb35d37b5ee51bd989bc9d11b0c265d026a73e09e93fc45846de34aacb34
  languageName: node
  linkType: hard

"@aws-sdk/util-body-length-node@npm:3.37.0":
  version: 3.37.0
  resolution: "@aws-sdk/util-body-length-node@npm:3.37.0"
  dependencies:
    tslib: ^2.3.0
  checksum: 8cf5486b39487ccbc63f96391eff0c0382a7b32af3b7c22cdf0aab764690fb85f9f54c000ace03dfe772b1a3f1d285268efb2f803cdbccfc6136ed174e056d02
  languageName: node
  linkType: hard

"@aws-sdk/util-buffer-from@npm:3.37.0":
  version: 3.37.0
  resolution: "@aws-sdk/util-buffer-from@npm:3.37.0"
  dependencies:
    "@aws-sdk/is-array-buffer": 3.37.0
    tslib: ^2.3.0
  checksum: c28c73dd7858cfd31689ecbd2cd9ade93cb577917eea2b8694ac14a838c6365217283dc2b716032f5d51ef1e00ff7a267d2e9bfb09aa7b02fb7d248d5fb7663f
  languageName: node
  linkType: hard

"@aws-sdk/util-config-provider@npm:3.40.0":
  version: 3.40.0
  resolution: "@aws-sdk/util-config-provider@npm:3.40.0"
  dependencies:
    tslib: ^2.3.0
  checksum: 8022f9fc1d7a933ae10cc06faeb03fd0c49719cc9b65682d3b41390837f40f1c9af8cefdb57027f3cce6c4412ab22d940de6993c4dfb401b65c8f0c66a000756
  languageName: node
  linkType: hard

"@aws-sdk/util-credentials@npm:3.37.0":
  version: 3.37.0
  resolution: "@aws-sdk/util-credentials@npm:3.37.0"
  dependencies:
    "@aws-sdk/shared-ini-file-loader": 3.37.0
    tslib: ^2.3.0
  checksum: b5741e0960d541c79e586ca577ddeec1b1b2de914e4704898b185eb7711d54ae671fe38db1b99ba8dc8361a8feb979ff2427ac53f0cb399602eeb4926e2f3819
  languageName: node
  linkType: hard

"@aws-sdk/util-hex-encoding@npm:3.37.0":
  version: 3.37.0
  resolution: "@aws-sdk/util-hex-encoding@npm:3.37.0"
  dependencies:
    tslib: ^2.3.0
  checksum: 484d8aa36f0880e910dae2361640dbb29dce462df831e0a771e2b0fb7637b2cf67b9b6144d78312668341b5eca7a982b5f1702ecb326f5509bfc2043bcaabbc7
  languageName: node
  linkType: hard

"@aws-sdk/util-locate-window@npm:^3.0.0":
  version: 3.37.0
  resolution: "@aws-sdk/util-locate-window@npm:3.37.0"
  dependencies:
    tslib: ^2.3.0
  checksum: d17fd73797d093a0de2e53ed3999562061858f78b88f993a83d8035fdda613c252a2fbab9abaf1d4fb595ae84e1747e17b137f8079fb99568c0c1641c54f5c4f
  languageName: node
  linkType: hard

"@aws-sdk/util-uri-escape@npm:3.37.0":
  version: 3.37.0
  resolution: "@aws-sdk/util-uri-escape@npm:3.37.0"
  dependencies:
    tslib: ^2.3.0
  checksum: 834f1a535ca3678d62f355bb7e32ae2fe41e789a6a5a27150eeb0089e33c20b3e32f3dbf0c5f8faffa792b3e2f95c22f695ce88103b2ea4cfddd7b73d9d426ed
  languageName: node
  linkType: hard

"@aws-sdk/util-user-agent-browser@npm:3.40.0":
  version: 3.40.0
  resolution: "@aws-sdk/util-user-agent-browser@npm:3.40.0"
  dependencies:
    "@aws-sdk/types": 3.40.0
    bowser: ^2.11.0
    tslib: ^2.3.0
  checksum: 63c76d60683e52e5c9541f81bb0071458ede956bd2457898b87314dbd3797dffd6eca410c47ae61198788c83da39cc875b566f91a2ee17b8e6b298784716b64b
  languageName: node
  linkType: hard

"@aws-sdk/util-user-agent-node@npm:3.40.0":
  version: 3.40.0
  resolution: "@aws-sdk/util-user-agent-node@npm:3.40.0"
  dependencies:
    "@aws-sdk/node-config-provider": 3.40.0
    "@aws-sdk/types": 3.40.0
    tslib: ^2.3.0
  checksum: cbbd4f9c3e7f3f3cd92e48a3aabd7514030f484d378bf89f8a27a71dabdb6e3a9441256d764282c54c3d87ff8031f73b23f7944ddddaff782de485b6f371b7eb
  languageName: node
  linkType: hard

"@aws-sdk/util-utf8-browser@npm:3.37.0, @aws-sdk/util-utf8-browser@npm:^3.0.0":
  version: 3.37.0
  resolution: "@aws-sdk/util-utf8-browser@npm:3.37.0"
  dependencies:
    tslib: ^2.3.0
  checksum: 93e130926af873f998a7d7b0ac0c12f6878705aee939240a85452879cf4133c23d0e4e95a4ead94eee5e3d7f66c590dce2f78fc3f7e38008318e00c2ae0881de
  languageName: node
  linkType: hard

"@aws-sdk/util-utf8-node@npm:3.37.0":
  version: 3.37.0
  resolution: "@aws-sdk/util-utf8-node@npm:3.37.0"
  dependencies:
    "@aws-sdk/util-buffer-from": 3.37.0
    tslib: ^2.3.0
  checksum: 2699f4024c25b0a5595f0b8b8b3972b5e7061cc5a9d482844113cf9c0c55859280fb577dd945def25e794e4a41260de90ec68dfa7a3e61e414e9e02ae20d5268
  languageName: node
  linkType: hard

"@aws-sdk/util-waiter@npm:3.40.0":
  version: 3.40.0
  resolution: "@aws-sdk/util-waiter@npm:3.40.0"
  dependencies:
    "@aws-sdk/abort-controller": 3.40.0
    "@aws-sdk/types": 3.40.0
    tslib: ^2.3.0
  checksum: b2193229241be323b8b508e95538b266174c61eedd5bb21d4c43649b74a746f47e1139d4832690fc5fbb737128ef1a8f4d7177ce7cf3483fe9f0410698ffb13f
  languageName: node
  linkType: hard

"@aws-sdk/xml-builder@npm:3.37.0":
  version: 3.37.0
  resolution: "@aws-sdk/xml-builder@npm:3.37.0"
  dependencies:
    tslib: ^2.3.0
  checksum: 111b8b134327778691543f9a90147ec925b90455b06bfe4a0adde421e17d29309ca48b41b1acf566a2cfffa3ae45ed373845378bd9734e0b43862f0e1a91f1ca
  languageName: node
  linkType: hard

"@types/node@npm:^17.0.3":
  version: 17.0.3
  resolution: "@types/node@npm:17.0.3"
  checksum: aa08e2ecc70a0c45d8a34f986300b491e0eaef9c028ae49ff799ff876cd3e1bbb8eb734378ac0b0265453d2cdfc5b4c7724dc64c043421c162590d22214870ad
  languageName: node
  linkType: hard

"aws-sdk-js-v3-bug-report@workspace:.":
  version: 0.0.0-use.local
  resolution: "aws-sdk-js-v3-bug-report@workspace:."
  dependencies:
    "@aws-sdk/client-s3": ^3.44.0
    "@types/node": ^17.0.3
    typescript: ^4.5.4
  languageName: unknown
  linkType: soft

"bowser@npm:^2.11.0":
  version: 2.11.0
  resolution: "bowser@npm:2.11.0"
  checksum: 29c3f01f22e703fa6644fc3b684307442df4240b6e10f6cfe1b61c6ca5721073189ca97cdeedb376081148c8518e33b1d818a57f781d70b0b70e1f31fb48814f
  languageName: node
  linkType: hard

"entities@npm:2.2.0":
  version: 2.2.0
  resolution: "entities@npm:2.2.0"
  checksum: 19010dacaf0912c895ea262b4f6128574f9ccf8d4b3b65c7e8334ad0079b3706376360e28d8843ff50a78aabcb8f08f0a32dbfacdc77e47ed77ca08b713669b3
  languageName: node
  linkType: hard

"fast-xml-parser@npm:3.19.0":
  version: 3.19.0
  resolution: "fast-xml-parser@npm:3.19.0"
  bin:
    xml2js: cli.js
  checksum: d9da9145f73d90c05ee2746d80c78eca4da0249dea8c81ea8f1a6e1245e62988ed4a040dbd1c7229b1e0bdcbf69d33c882e0ac337d10c7eedb159a4dc9779327
  languageName: node
  linkType: hard

"tslib@npm:^1.11.1":
  version: 1.14.1
  resolution: "tslib@npm:1.14.1"
  checksum: dbe628ef87f66691d5d2959b3e41b9ca0045c3ee3c7c7b906cc1e328b39f199bb1ad9e671c39025bd56122ac57dfbf7385a94843b1cc07c60a4db74795829acd
  languageName: node
  linkType: hard

"tslib@npm:^2.3.0":
  version: 2.3.1
  resolution: "tslib@npm:2.3.1"
  checksum: de17a98d4614481f7fcb5cd53ffc1aaf8654313be0291e1bfaee4b4bb31a20494b7d218ff2e15017883e8ea9626599b3b0e0229c18383ba9dce89da2adf15cb9
  languageName: node
  linkType: hard

"typescript@npm:^4.5.4":
  version: 4.5.4
  resolution: "typescript@npm:4.5.4"
  bin:
    tsc: bin/tsc
    tsserver: bin/tsserver
  checksum: 59f3243f9cd6fe3161e6150ff6bf795fc843b4234a655dbd938a310515e0d61afd1ac942799e7415e4334255e41c2c49b7dd5d9fd38a17acd25a6779ca7e0961
  languageName: node
  linkType: hard

"typescript@patch:typescript@^4.5.4#~builtin<compat/typescript>":
  version: 4.5.4
  resolution: "typescript@patch:typescript@npm%3A4.5.4#~builtin<compat/typescript>::version=4.5.4&hash=493e53"
  bin:
    tsc: bin/tsc
    tsserver: bin/tsserver
  checksum: 2e488dde7d2c4a2fa2e79cf2470600f8ce81bc0563c276b72df8ff412d74456ae532ba824650ae936ce207440c79720ddcfaa25e3cb4477572b8534fa4e34d49
  languageName: node
  linkType: hard

"uuid@npm:^8.3.2":
  version: 8.3.2
  resolution: "uuid@npm:8.3.2"
  bin:
    uuid: dist/bin/uuid
  checksum: 5575a8a75c13120e2f10e6ddc801b2c7ed7d8f3c8ac22c7ed0c7b2ba6383ec0abda88c905085d630e251719e0777045ae3236f04c812184b7c765f63a70e58df
  languageName: node
  linkType: hard
